// !$*UTF8*$!
{
	archiveVersion = 1;
	classes = {
	};
	objectVersion = 50;
	objects = {

/* Begin PBXBuildFile section */
		C9648113242D8FB800EFFCB6 /* AppDelegate.swift in Sources */ = {isa = PBXBuildFile; fileRef = C9648112242D8FB800EFFCB6 /* AppDelegate.swift */; };
		C9648115242D8FB800EFFCB6 /* SceneDelegate.swift in Sources */ = {isa = PBXBuildFile; fileRef = C9648114242D8FB800EFFCB6 /* SceneDelegate.swift */; };
		C9648117242D8FB800EFFCB6 /* ViewController.swift in Sources */ = {isa = PBXBuildFile; fileRef = C9648116242D8FB800EFFCB6 /* ViewController.swift */; };
		C964811A242D8FB800EFFCB6 /* Main.storyboard in Resources */ = {isa = PBXBuildFile; fileRef = C9648118242D8FB800EFFCB6 /* Main.storyboard */; };
		C964811C242D8FB900EFFCB6 /* Assets.xcassets in Resources */ = {isa = PBXBuildFile; fileRef = C964811B242D8FB900EFFCB6 /* Assets.xcassets */; };
		C964811F242D8FB900EFFCB6 /* LaunchScreen.storyboard in Resources */ = {isa = PBXBuildFile; fileRef = C964811D242D8FB900EFFCB6 /* LaunchScreen.storyboard */; };
		C964812B242D9B0D00EFFCB6 /* TestJSONModel.swift in Sources */ = {isa = PBXBuildFile; fileRef = C964812A242D9B0D00EFFCB6 /* TestJSONModel.swift */; };
		C964812D242D9B2700EFFCB6 /* TestYapiRAWModel.swift in Sources */ = {isa = PBXBuildFile; fileRef = C964812C242D9B2700EFFCB6 /* TestYapiRAWModel.swift */; };
		C9E9C08225CF81E900CD767D /* Config.plist in Resources */ = {isa = PBXBuildFile; fileRef = C9E9C08125CF81E900CD767D /* Config.plist */; };
/* End PBXBuildFile section */

/* Begin PBXFileReference section */
		C964810F242D8FB800EFFCB6 /* SwiftJSONModelerDemo.app */ = {isa = PBXFileReference; explicitFileType = wrapper.application; includeInIndex = 0; path = SwiftJSONModelerDemo.app; sourceTree = BUILT_PRODUCTS_DIR; };
		C9648112242D8FB800EFFCB6 /* AppDelegate.swift */ = {isa = PBXFileReference; lastKnownFileType = sourcecode.swift; path = AppDelegate.swift; sourceTree = "<group>"; };
		C9648114242D8FB800EFFCB6 /* SceneDelegate.swift */ = {isa = PBXFileReference; lastKnownFileType = sourcecode.swift; path = SceneDelegate.swift; sourceTree = "<group>"; };
		C9648116242D8FB800EFFCB6 /* ViewController.swift */ = {isa = PBXFileReference; lastKnownFileType = sourcecode.swift; path = ViewController.swift; sourceTree = "<group>"; };
		C9648119242D8FB800EFFCB6 /* Base */ = {isa = PBXFileReference; lastKnownFileType = file.storyboard; name = Base; path = Base.lproj/Main.storyboard; sourceTree = "<group>"; };
		C964811B242D8FB900EFFCB6 /* Assets.xcassets */ = {isa = PBXFileReference; lastKnownFileType = folder.assetcatalog; path = Assets.xcassets; sourceTree = "<group>"; };
		C964811E242D8FB900EFFCB6 /* Base */ = {isa = PBXFileReference; lastKnownFileType = file.storyboard; name = Base; path = Base.lproj/LaunchScreen.storyboard; sourceTree = "<group>"; };
		C9648120242D8FB900EFFCB6 /* Info.plist */ = {isa = PBXFileReference; lastKnownFileType = text.plist.xml; path = Info.plist; sourceTree = "<group>"; };
		C964812A242D9B0D00EFFCB6 /* TestJSONModel.swift */ = {isa = PBXFileReference; lastKnownFileType = sourcecode.swift; path = TestJSONModel.swift; sourceTree = "<group>"; };
		C964812C242D9B2700EFFCB6 /* TestYapiRAWModel.swift */ = {isa = PBXFileReference; lastKnownFileType = sourcecode.swift; path = TestYapiRAWModel.swift; sourceTree = "<group>"; };
		C9E9C08125CF81E900CD767D /* Config.plist */ = {isa = PBXFileReference; lastKnownFileType = text.plist.xml; path = Config.plist; sourceTree = "<group>"; };
/* End PBXFileReference section */

/* Begin PBXFrameworksBuildPhase section */
		C964810C242D8FB800EFFCB6 /* Frameworks */ = {
			isa = PBXFrameworksBuildPhase;
			buildActionMask = 2147483647;
			files = (
			);
			runOnlyForDeploymentPostprocessing = 0;
		};
/* End PBXFrameworksBuildPhase section */

/* Begin PBXGroup section */
		C9648106242D8FB800EFFCB6 = {
			isa = PBXGroup;
			children = (
				C9648111242D8FB800EFFCB6 /* SwiftJSONModelerDemo */,
				C9648110242D8FB800EFFCB6 /* Products */,
			);
			sourceTree = "<group>";
		};
		C9648110242D8FB800EFFCB6 /* Products */ = {
			isa = PBXGroup;
			children = (
				C964810F242D8FB800EFFCB6 /* SwiftJSONModelerDemo.app */,
			);
			name = Products;
			sourceTree = "<group>";
		};
		C9648111242D8FB800EFFCB6 /* SwiftJSONModelerDemo */ = {
			isa = PBXGroup;
			children = (
				C9648112242D8FB800EFFCB6 /* AppDelegate.swift */,
				C9648114242D8FB800EFFCB6 /* SceneDelegate.swift */,
				C9648116242D8FB800EFFCB6 /* ViewController.swift */,
				C9648118242D8FB800EFFCB6 /* Main.storyboard */,
				C964811B242D8FB900EFFCB6 /* Assets.xcassets */,
				C964811D242D8FB900EFFCB6 /* LaunchScreen.storyboard */,
				C9648120242D8FB900EFFCB6 /* Info.plist */,
				C964812A242D9B0D00EFFCB6 /* TestJSONModel.swift */,
				C964812C242D9B2700EFFCB6 /* TestYapiRAWModel.swift */,
				C9E9C08125CF81E900CD767D /* Config.plist */,
			);
			path = SwiftJSONModelerDemo;
			sourceTree = "<group>";
		};
/* End PBXGroup section */

/* Begin PBXNativeTarget section */
		C964810E242D8FB800EFFCB6 /* SwiftJSONModelerDemo */ = {
			isa = PBXNativeTarget;
			buildConfigurationList = C9648123242D8FB900EFFCB6 /* Build configuration list for PBXNativeTarget "SwiftJSONModelerDemo" */;
			buildPhases = (
				C964810B242D8FB800EFFCB6 /* Sources */,
				C964810C242D8FB800EFFCB6 /* Frameworks */,
				C964810D242D8FB800EFFCB6 /* Resources */,
			);
			buildRules = (
			);
			dependencies = (
			);
			name = SwiftJSONModelerDemo;
			productName = SwiftJSONModelerDemo;
			productReference = C964810F242D8FB800EFFCB6 /* SwiftJSONModelerDemo.app */;
			productType = "com.apple.product-type.application";
		};
/* End PBXNativeTarget section */

/* Begin PBXProject section */
		C9648107242D8FB800EFFCB6 /* Project object */ = {
			isa = PBXProject;
			attributes = {
				LastSwiftUpdateCheck = 1120;
				LastUpgradeCheck = 1120;
				ORGANIZATIONNAME = Sven;
				TargetAttributes = {
					C964810E242D8FB800EFFCB6 = {
						CreatedOnToolsVersion = 11.2.1;
					};
				};
			};
			buildConfigurationList = C964810A242D8FB800EFFCB6 /* Build configuration list for PBXProject "SwiftJSONModelerDemo" */;
			compatibilityVersion = "Xcode 9.3";
			developmentRegion = en;
			hasScannedForEncodings = 0;
			knownRegions = (
				en,
				Base,
			);
			mainGroup = C9648106242D8FB800EFFCB6;
			productRefGroup = C9648110242D8FB800EFFCB6 /* Products */;
			projectDirPath = "";
			projectRoot = "";
			targets = (
				C964810E242D8FB800EFFCB6 /* SwiftJSONModelerDemo */,
			);
		};
/* End PBXProject section */

/* Begin PBXResourcesBuildPhase section */
		C964810D242D8FB800EFFCB6 /* Resources */ = {
			isa = PBXResourcesBuildPhase;
			buildActionMask = 2147483647;
			files = (
				C9E9C08225CF81E900CD767D /* Config.plist in Resources */,
				C964811F242D8FB900EFFCB6 /* LaunchScreen.storyboard in Resources */,
				C964811C242D8FB900EFFCB6 /* Assets.xcassets in Resources */,
				C964811A242D8FB800EFFCB6 /* Main.storyboard in Resources */,
			);
			runOnlyForDeploymentPostprocessing = 0;
		};
/* End PBXResourcesBuildPhase section */

/* Begin PBXSourcesBuildPhase section */
		C964810B242D8FB800EFFCB6 /* Sources */ = {
			isa = PBXSourcesBuildPhase;
			buildActionMask = 2147483647;
			files = (
				C9648117242D8FB800EFFCB6 /* ViewController.swift in Sources */,
				C9648113242D8FB800EFFCB6 /* AppDelegate.swift in Sources */,
				C964812D242D9B2700EFFCB6 /* TestYapiRAWModel.swift in Sources */,
				C9648115242D8FB800EFFCB6 /* SceneDelegate.swift in Sources */,
				C964812B242D9B0D00EFFCB6 /* TestJSONModel.swift in Sources */,
			);
			runOnlyForDeploymentPostprocessing = 0;
		};
/* End PBXSourcesBuildPhase section */

/* Begin PBXVariantGroup section */
		C9648118242D8FB800EFFCB6 /* Main.storyboard */ = {
			isa = PBXVariantGroup;
			children = (
				C9648119242D8FB800EFFCB6 /* Base */,
			);
			name = Main.storyboard;
			sourceTree = "<group>";
		};
		C964811D242D8FB900EFFCB6 /* LaunchScreen.storyboard */ = {
			isa = PBXVariantGroup;
			children = (
				C964811E242D8FB900EFFCB6 /* Base */,
			);
			name = LaunchScreen.storyboard;
			sourceTree = "<group>";
		};
/* End PBXVariantGroup section */

/* Begin XCBuildConfiguration section */
		C9648121242D8FB900EFFCB6 /* Debug */ = {
			isa = XCBuildConfiguration;
			buildSettings = {
				ALWAYS_SEARCH_USER_PATHS = NO;
				CLANG_ANALYZER_NONNULL = YES;
				CLANG_ANALYZER_NUMBER_OBJECT_CONVERSION = YES_AGGRESSIVE;
				CLANG_CXX_LANGUAGE_STANDARD = "gnu++14";
				CLANG_CXX_LIBRARY = "libc++";
				CLANG_ENABLE_MODULES = YES;
				CLANG_ENABLE_OBJC_ARC = YES;
				CLANG_ENABLE_OBJC_WEAK = YES;
				CLANG_WARN_BLOCK_CAPTURE_AUTORELEASING = YES;
				CLANG_WARN_BOOL_CONVERSION = YES;
				CLANG_WARN_COMMA = YES;
				CLANG_WARN_CONSTANT_CONVERSION = YES;
				CLANG_WARN_DEPRECATED_OBJC_IMPLEMENTATIONS = YES;
				CLANG_WARN_DIRECT_OBJC_ISA_USAGE = YES_ERROR;
				CLANG_WARN_DOCUMENTATION_COMMENTS = YES;
				CLANG_WARN_EMPTY_BODY = YES;
				CLANG_WARN_ENUM_CONVERSION = YES;
				CLANG_WARN_INFINITE_RECURSION = YES;
				CLANG_WARN_INT_CONVERSION = YES;
				CLANG_WARN_NON_LITERAL_NULL_CONVERSION = YES;
				CLANG_WARN_OBJC_IMPLICIT_RETAIN_SELF = YES;
				CLANG_WARN_OBJC_LITERAL_CONVERSION = YES;
				CLANG_WARN_OBJC_ROOT_CLASS = YES_ERROR;
				CLANG_WARN_RANGE_LOOP_ANALYSIS = YES;
				CLANG_WARN_STRICT_PROTOTYPES = YES;
				CLANG_WARN_SUSPICIOUS_MOVE = YES;
				CLANG_WARN_UNGUARDED_AVAILABILITY = YES_AGGRESSIVE;
				CLANG_WARN_UNREACHABLE_CODE = YES;
				CLANG_WARN__DUPLICATE_METHOD_MATCH = YES;
				COPY_PHASE_STRIP = NO;
				DEBUG_INFORMATION_FORMAT = dwarf;
				ENABLE_STRICT_OBJC_MSGSEND = YES;
				ENABLE_TESTABILITY = YES;
				GCC_C_LANGUAGE_STANDARD = gnu11;
				GCC_DYNAMIC_NO_PIC = NO;
				GCC_NO_COMMON_BLOCKS = YES;
				GCC_OPTIMIZATION_LEVEL = 0;
				GCC_PREPROCESSOR_DEFINITIONS = (
					"DEBUG=1",
					"$(inherited)",
				);
				GCC_WARN_64_TO_32_BIT_CONVERSION = YES;
				GCC_WARN_ABOUT_RETURN_TYPE = YES_ERROR;
				GCC_WARN_UNDECLARED_SELECTOR = YES;
				GCC_WARN_UNINITIALIZED_AUTOS = YES_AGGRESSIVE;
				GCC_WARN_UNUSED_FUNCTION = YES;
				GCC_WARN_UNUSED_VARIABLE = YES;
				IPHONEOS_DEPLOYMENT_TARGET = 13.2;
				MTL_ENABLE_DEBUG_INFO = INCLUDE_SOURCE;
				MTL_FAST_MATH = YES;
				ONLY_ACTIVE_ARCH = YES;
				SDKROOT = iphoneos;
				SWIFT_ACTIVE_COMPILATION_CONDITIONS = DEBUG;
				SWIFT_OPTIMIZATION_LEVEL = "-Onone";
			};
			name = Debug;
		};
		C9648122242D8FB900EFFCB6 /* Release */ = {
			isa = XCBuildConfiguration;
			buildSettings = {
				ALWAYS_SEARCH_USER_PATHS = NO;
				CLANG_ANALYZER_NONNULL = YES;
				CLANG_ANALYZER_NUMBER_OBJECT_CONVERSION = YES_AGGRESSIVE;
				CLANG_CXX_LANGUAGE_STANDARD = "gnu++14";
				CLANG_CXX_LIBRARY = "libc++";
				CLANG_ENABLE_MODULES = YES;
				CLANG_ENABLE_OBJC_ARC = YES;
				CLANG_ENABLE_OBJC_WEAK = YES;
				CLANG_WARN_BLOCK_CAPTURE_AUTORELEASING = YES;
				CLANG_WARN_BOOL_CONVERSION = YES;
				CLANG_WARN_COMMA = YES;
				CLANG_WARN_CONSTANT_CONVERSION = YES;
				CLANG_WARN_DEPRECATED_OBJC_IMPLEMENTATIONS = YES;
				CLANG_WARN_DIRECT_OBJC_ISA_USAGE = YES_ERROR;
				CLANG_WARN_DOCUMENTATION_COMMENTS = YES;
				CLANG_WARN_EMPTY_BODY = YES;
				CLANG_WARN_ENUM_CONVERSION = YES;
				CLANG_WARN_INFINITE_RECURSION = YES;
				CLANG_WARN_INT_CONVERSION = YES;
				CLANG_WARN_NON_LITERAL_NULL_CONVERSION = YES;
				CLANG_WARN_OBJC_IMPLICIT_RETAIN_SELF = YES;
				CLANG_WARN_OBJC_LITERAL_CONVERSION = YES;
				CLANG_WARN_OBJC_ROOT_CLASS = YES_ERROR;
				CLANG_WARN_RANGE_LOOP_ANALYSIS = YES;
				CLANG_WARN_STRICT_PROTOTYPES = YES;
				CLANG_WARN_SUSPICIOUS_MOVE = YES;
				CLANG_WARN_UNGUARDED_AVAILABILITY = YES_AGGRESSIVE;
				CLANG_WARN_UNREACHABLE_CODE = YES;
				CLANG_WARN__DUPLICATE_METHOD_MATCH = YES;
				COPY_PHASE_STRIP = NO;
				DEBUG_INFORMATION_FORMAT = "dwarf-with-dsym";
				ENABLE_NS_ASSERTIONS = NO;
				ENABLE_STRICT_OBJC_MSGSEND = YES;
				GCC_C_LANGUAGE_STANDARD = gnu11;
				GCC_NO_COMMON_BLOCKS = YES;
				GCC_WARN_64_TO_32_BIT_CONVERSION = YES;
				GCC_WARN_ABOUT_RETURN_TYPE = YES_ERROR;
				GCC_WARN_UNDECLARED_SELECTOR = YES;
				GCC_WARN_UNINITIALIZED_AUTOS = YES_AGGRESSIVE;
				GCC_WARN_UNUSED_FUNCTION = YES;
				GCC_WARN_UNUSED_VARIABLE = YES;
				IPHONEOS_DEPLOYMENT_TARGET = 13.2;
				MTL_ENABLE_DEBUG_INFO = NO;
				MTL_FAST_MATH = YES;
				SDKROOT = iphoneos;
				SWIFT_COMPILATION_MODE = wholemodule;
				SWIFT_OPTIMIZATION_LEVEL = "-O";
				VALIDATE_PRODUCT = YES;
			};
			name = Release;
		};
		C9648124242D8FB900EFFCB6 /* Debug */ = {
			isa = XCBuildConfiguration;
			buildSettings = {
				ASSETCATALOG_COMPILER_APPICON_NAME = AppIcon;
				CODE_SIGN_STYLE = Automatic;
				DEVELOPMENT_TEAM = K9DS6XKGWL;
				INFOPLIST_FILE = SwiftJSONModelerDemo/Info.plist;
				LD_RUNPATH_SEARCH_PATHS = (
					"$(inherited)",
					"@executable_path/Frameworks",
				);
				PRODUCT_BUNDLE_IDENTIFIER = com.lifu.SwiftJSONModelerDemo;
				PRODUCT_NAME = "$(TARGET_NAME)";
				SWIFT_VERSION = 5.0;
				TARGETED_DEVICE_FAMILY = "1,2";
			};
			name = Debug;
		};
		C9648125242D8FB900EFFCB6 /* Release */ = {
			isa = XCBuildConfiguration;
			buildSettings = {
				ASSETCATALOG_COMPILER_APPICON_NAME = AppIcon;
				CODE_SIGN_STYLE = Automatic;
				DEVELOPMENT_TEAM = K9DS6XKGWL;
				INFOPLIST_FILE = SwiftJSONModelerDemo/Info.plist;
				LD_RUNPATH_SEARCH_PATHS = (
					"$(inherited)",
					"@executable_path/Frameworks",
				);
				PRODUCT_BUNDLE_IDENTIFIER = com.lifu.SwiftJSONModelerDemo;
				PRODUCT_NAME = "$(TARGET_NAME)";
				SWIFT_VERSION = 5.0;
				TARGETED_DEVICE_FAMILY = "1,2";
			};
			name = Release;
		};
/* End XCBuildConfiguration section */

/* Begin XCConfigurationList section */
		C964810A242D8FB800EFFCB6 /* Build configuration list for PBXProject "SwiftJSONModelerDemo" */ = {
			isa = XCConfigurationList;
			buildConfigurations = (
				C9648121242D8FB900EFFCB6 /* Debug */,
				C9648122242D8FB900EFFCB6 /* Release */,
			);
			defaultConfigurationIsVisible = 0;
			defaultConfigurationName = Release;
		};
		C9648123242D8FB900EFFCB6 /* Build configuration list for PBXNativeTarget "SwiftJSONModelerDemo" */ = {
			isa = XCConfigurationList;
			buildConfigurations = (
				C9648124242D8FB900EFFCB6 /* Debug */,
				C9648125242D8FB900EFFCB6 /* Release */,
			);
			defaultConfigurationIsVisible = 0;
			defaultConfigurationName = Release;
		};
/* End XCConfigurationList section */
	};
	rootObject = C9648107242D8FB800EFFCB6 /* Project object */;
}
