// !$*UTF8*$!
{
	archiveVersion = 1;
	classes = {
	};
	objectVersion = 52;
	objects = {

/* Begin PBXBuildFile section */
		C90EFE0C257E172E0008632B /* XcodeKit.framework in Frameworks */ = {isa = PBXBuildFile; fileRef = C90EFE0B257E172E0008632B /* XcodeKit.framework */; };
		C90EFE0D257E172E0008632B /* XcodeKit.framework in Embed Frameworks */ = {isa = PBXBuildFile; fileRef = C90EFE0B257E172E0008632B /* XcodeKit.framework */; settings = {ATTRIBUTES = (CodeSignOnCopy, RemoveHeadersOnCopy, ); }; };
		C92A970A24E512BD00C87CCD /* YApiObjectTest.swift in Sources */ = {isa = PBXBuildFile; fileRef = C92A970524E50D5900C87CCD /* YApiObjectTest.swift */; };
		C92A971424E513EA00C87CCD /* YApiHelper.swift in Sources */ = {isa = PBXBuildFile; fileRef = C94AFC00241F4AE600389AF3 /* YApiHelper.swift */; };
		C92A971524E513EA00C87CCD /* YApiObject.swift in Sources */ = {isa = PBXBuildFile; fileRef = C94AFC03241F4E8A00389AF3 /* YApiObject.swift */; };
		C92A971624E513EA00C87CCD /* YApiCreator.swift in Sources */ = {isa = PBXBuildFile; fileRef = C9CEE26C242B382900A04EA9 /* YApiCreator.swift */; };
		C92A971724E513EA00C87CCD /* YApiRequest.swift in Sources */ = {isa = PBXBuildFile; fileRef = C9D04F20242EF99F00843DC4 /* YApiRequest.swift */; };
		C92A971824E513F900C87CCD /* ErrorCenter.swift in Sources */ = {isa = PBXBuildFile; fileRef = C9CB247F241F559C00F4D5CE /* ErrorCenter.swift */; };
		C92A971D24E514FB00C87CCD /* Constants.swift in Sources */ = {isa = PBXBuildFile; fileRef = C92A971C24E514FB00C87CCD /* Constants.swift */; };
		C92A971E24E5150600C87CCD /* Constants.swift in Sources */ = {isa = PBXBuildFile; fileRef = C92A971C24E514FB00C87CCD /* Constants.swift */; };
		C935B49C24EA24BE00E48231 /* JSONHelper.swift in Sources */ = {isa = PBXBuildFile; fileRef = C935B49B24EA24BE00E48231 /* JSONHelper.swift */; };
		C935B49E24EA56EF00E48231 /* JSONHelperTest.swift in Sources */ = {isa = PBXBuildFile; fileRef = C935B49D24EA56EF00E48231 /* JSONHelperTest.swift */; };
		C935B49F24EA664A00E48231 /* JSONHelper.swift in Sources */ = {isa = PBXBuildFile; fileRef = C935B49B24EA24BE00E48231 /* JSONHelper.swift */; };
		C94AFC01241F4AE600389AF3 /* YApiHelper.swift in Sources */ = {isa = PBXBuildFile; fileRef = C94AFC00241F4AE600389AF3 /* YApiHelper.swift */; };
		C94AFC04241F4E8A00389AF3 /* YApiObject.swift in Sources */ = {isa = PBXBuildFile; fileRef = C94AFC03241F4E8A00389AF3 /* YApiObject.swift */; };
		C961C1DE23D82A8D008D0DE6 /* ConfigViewController.swift in Sources */ = {isa = PBXBuildFile; fileRef = C961C1DD23D82A8D008D0DE6 /* ConfigViewController.swift */; };
		C9CB2480241F559C00F4D5CE /* ErrorCenter.swift in Sources */ = {isa = PBXBuildFile; fileRef = C9CB247F241F559C00F4D5CE /* ErrorCenter.swift */; };
		C9CEE26D242B382900A04EA9 /* YApiCreator.swift in Sources */ = {isa = PBXBuildFile; fileRef = C9CEE26C242B382900A04EA9 /* YApiCreator.swift */; };
		C9D04F2B242F218200843DC4 /* SwiftJSONModeler_For_XcodeTests.swift in Sources */ = {isa = PBXBuildFile; fileRef = C9D04F2A242F218200843DC4 /* SwiftJSONModeler_For_XcodeTests.swift */; };
		C9D9905825E776A900258865 /* ConfigCenter.swift in Sources */ = {isa = PBXBuildFile; fileRef = C9D9905725E776A900258865 /* ConfigCenter.swift */; };
		C9D9905C25E776EF00258865 /* ConfigModel.swift in Sources */ = {isa = PBXBuildFile; fileRef = C9E9C09125CFD94E00CD767D /* ConfigModel.swift */; };
		C9D9906725E7807300258865 /* CleanJSON in Frameworks */ = {isa = PBXBuildFile; productRef = C9D9906625E7807300258865 /* CleanJSON */; };
		C9D9906D25E7815F00258865 /* CleanJSON in Frameworks */ = {isa = PBXBuildFile; productRef = C9D9906C25E7815F00258865 /* CleanJSON */; };
		C9D9906E25E7816600258865 /* ConfigCenter.swift in Sources */ = {isa = PBXBuildFile; fileRef = C9D9905725E776A900258865 /* ConfigCenter.swift */; };
		C9DD88322431C630004E420F /* YApiRequest.swift in Sources */ = {isa = PBXBuildFile; fileRef = C9D04F20242EF99F00843DC4 /* YApiRequest.swift */; };
		C9DE045F242C8535008A0070 /* Config.swift in Sources */ = {isa = PBXBuildFile; fileRef = C9DE045E242C8535008A0070 /* Config.swift */; };
		C9DE0460242C853F008A0070 /* Config.swift in Sources */ = {isa = PBXBuildFile; fileRef = C9DE045E242C8535008A0070 /* Config.swift */; };
		C9E393E424EE248500D80B28 /* TokenView.xib in Resources */ = {isa = PBXBuildFile; fileRef = C9E393E324EE248500D80B28 /* TokenView.xib */; };
		C9E393E824EE255900D80B28 /* TokenView.swift in Sources */ = {isa = PBXBuildFile; fileRef = C9E393E724EE255900D80B28 /* TokenView.swift */; };
		C9E393EA24EE47D300D80B28 /* TokenViewController.swift in Sources */ = {isa = PBXBuildFile; fileRef = C9E393E924EE47D300D80B28 /* TokenViewController.swift */; };
		C9E9C08925CF907A00CD767D /* OpenSavePanel.swift in Sources */ = {isa = PBXBuildFile; fileRef = C9E9C08825CF907A00CD767D /* OpenSavePanel.swift */; };
		C9E9C09225CFD94E00CD767D /* ConfigModel.swift in Sources */ = {isa = PBXBuildFile; fileRef = C9E9C09125CFD94E00CD767D /* ConfigModel.swift */; };
		C9ED9CC623D7F9B3004567A1 /* AppDelegate.swift in Sources */ = {isa = PBXBuildFile; fileRef = C9ED9CC523D7F9B3004567A1 /* AppDelegate.swift */; };
		C9ED9CCA23D7F9B3004567A1 /* Document.swift in Sources */ = {isa = PBXBuildFile; fileRef = C9ED9CC923D7F9B3004567A1 /* Document.swift */; };
		C9ED9CCC23D7F9B4004567A1 /* Assets.xcassets in Resources */ = {isa = PBXBuildFile; fileRef = C9ED9CCB23D7F9B4004567A1 /* Assets.xcassets */; };
		C9ED9CCF23D7F9B4004567A1 /* Main.storyboard in Resources */ = {isa = PBXBuildFile; fileRef = C9ED9CCD23D7F9B4004567A1 /* Main.storyboard */; };
		C9ED9CDE23D7F9D0004567A1 /* Cocoa.framework in Frameworks */ = {isa = PBXBuildFile; fileRef = C9ED9CDD23D7F9D0004567A1 /* Cocoa.framework */; };
		C9ED9CE123D7F9D0004567A1 /* SourceEditorExtension.swift in Sources */ = {isa = PBXBuildFile; fileRef = C9ED9CE023D7F9D0004567A1 /* SourceEditorExtension.swift */; };
		C9ED9CE323D7F9D0004567A1 /* SourceEditorCommand.swift in Sources */ = {isa = PBXBuildFile; fileRef = C9ED9CE223D7F9D0004567A1 /* SourceEditorCommand.swift */; };
		C9ED9CE823D7F9D0004567A1 /* SwiftJSONModeler.appex in Embed App Extensions */ = {isa = PBXBuildFile; fileRef = C9ED9CDB23D7F9D0004567A1 /* SwiftJSONModeler.appex */; settings = {ATTRIBUTES = (RemoveHeadersOnCopy, ); }; };
/* End PBXBuildFile section */

/* Begin PBXContainerItemProxy section */
		C9D04F2D242F218200843DC4 /* PBXContainerItemProxy */ = {
			isa = PBXContainerItemProxy;
			containerPortal = C9ED9CBA23D7F9B3004567A1 /* Project object */;
			proxyType = 1;
			remoteGlobalIDString = C9ED9CC123D7F9B3004567A1;
			remoteInfo = "SwiftJSONModeler For Xcode";
		};
		C9ED9CE623D7F9D0004567A1 /* PBXContainerItemProxy */ = {
			isa = PBXContainerItemProxy;
			containerPortal = C9ED9CBA23D7F9B3004567A1 /* Project object */;
			proxyType = 1;
			remoteGlobalIDString = C9ED9CDA23D7F9D0004567A1;
			remoteInfo = JSONSwiftModel;
		};
/* End PBXContainerItemProxy section */

/* Begin PBXCopyFilesBuildPhase section */
		C90EFE0E257E172E0008632B /* Embed Frameworks */ = {
			isa = PBXCopyFilesBuildPhase;
			buildActionMask = 2147483647;
			dstPath = "";
			dstSubfolderSpec = 10;
			files = (
				C90EFE0D257E172E0008632B /* XcodeKit.framework in Embed Frameworks */,
			);
			name = "Embed Frameworks";
			runOnlyForDeploymentPostprocessing = 0;
		};
		C9ED9CEC23D7F9D0004567A1 /* Embed App Extensions */ = {
			isa = PBXCopyFilesBuildPhase;
			buildActionMask = 2147483647;
			dstPath = "";
			dstSubfolderSpec = 13;
			files = (
				C9ED9CE823D7F9D0004567A1 /* SwiftJSONModeler.appex in Embed App Extensions */,
			);
			name = "Embed App Extensions";
			runOnlyForDeploymentPostprocessing = 0;
		};
/* End PBXCopyFilesBuildPhase section */

/* Begin PBXFileReference section */
		C90EFE0B257E172E0008632B /* XcodeKit.framework */ = {isa = PBXFileReference; lastKnownFileType = wrapper.framework; name = XcodeKit.framework; path = Library/Frameworks/XcodeKit.framework; sourceTree = DEVELOPER_DIR; };
		C92A970524E50D5900C87CCD /* YApiObjectTest.swift */ = {isa = PBXFileReference; lastKnownFileType = sourcecode.swift; path = YApiObjectTest.swift; sourceTree = "<group>"; };
		C92A971C24E514FB00C87CCD /* Constants.swift */ = {isa = PBXFileReference; lastKnownFileType = sourcecode.swift; path = Constants.swift; sourceTree = "<group>"; };
		C935B49B24EA24BE00E48231 /* JSONHelper.swift */ = {isa = PBXFileReference; lastKnownFileType = sourcecode.swift; path = JSONHelper.swift; sourceTree = "<group>"; };
		C935B49D24EA56EF00E48231 /* JSONHelperTest.swift */ = {isa = PBXFileReference; lastKnownFileType = sourcecode.swift; path = JSONHelperTest.swift; sourceTree = "<group>"; };
		C94AFC00241F4AE600389AF3 /* YApiHelper.swift */ = {isa = PBXFileReference; lastKnownFileType = sourcecode.swift; path = YApiHelper.swift; sourceTree = "<group>"; };
		C94AFC03241F4E8A00389AF3 /* YApiObject.swift */ = {isa = PBXFileReference; lastKnownFileType = sourcecode.swift; path = YApiObject.swift; sourceTree = "<group>"; };
		C961C1DD23D82A8D008D0DE6 /* ConfigViewController.swift */ = {isa = PBXFileReference; lastKnownFileType = sourcecode.swift; path = ConfigViewController.swift; sourceTree = "<group>"; };
		C9CB247F241F559C00F4D5CE /* ErrorCenter.swift */ = {isa = PBXFileReference; lastKnownFileType = sourcecode.swift; path = ErrorCenter.swift; sourceTree = "<group>"; };
		C9CEE26C242B382900A04EA9 /* YApiCreator.swift */ = {isa = PBXFileReference; lastKnownFileType = sourcecode.swift; path = YApiCreator.swift; sourceTree = "<group>"; };
		C9D04F20242EF99F00843DC4 /* YApiRequest.swift */ = {isa = PBXFileReference; lastKnownFileType = sourcecode.swift; path = YApiRequest.swift; sourceTree = "<group>"; };
		C9D04F28242F218200843DC4 /* SwiftJSONModeler For XcodeTests.xctest */ = {isa = PBXFileReference; explicitFileType = wrapper.cfbundle; includeInIndex = 0; path = "SwiftJSONModeler For XcodeTests.xctest"; sourceTree = BUILT_PRODUCTS_DIR; };
		C9D04F2A242F218200843DC4 /* SwiftJSONModeler_For_XcodeTests.swift */ = {isa = PBXFileReference; lastKnownFileType = sourcecode.swift; path = SwiftJSONModeler_For_XcodeTests.swift; sourceTree = "<group>"; };
		C9D04F2C242F218200843DC4 /* Info.plist */ = {isa = PBXFileReference; lastKnownFileType = text.plist.xml; path = Info.plist; sourceTree = "<group>"; };
		C9D9905725E776A900258865 /* ConfigCenter.swift */ = {isa = PBXFileReference; lastKnownFileType = sourcecode.swift; path = ConfigCenter.swift; sourceTree = "<group>"; };
		C9DE045E242C8535008A0070 /* Config.swift */ = {isa = PBXFileReference; lastKnownFileType = sourcecode.swift; path = Config.swift; sourceTree = "<group>"; };
		C9E393E324EE248500D80B28 /* TokenView.xib */ = {isa = PBXFileReference; lastKnownFileType = file.xib; path = TokenView.xib; sourceTree = "<group>"; };
		C9E393E724EE255900D80B28 /* TokenView.swift */ = {isa = PBXFileReference; lastKnownFileType = sourcecode.swift; path = TokenView.swift; sourceTree = "<group>"; };
		C9E393E924EE47D300D80B28 /* TokenViewController.swift */ = {isa = PBXFileReference; lastKnownFileType = sourcecode.swift; path = TokenViewController.swift; sourceTree = "<group>"; };
		C9E9C08825CF907A00CD767D /* OpenSavePanel.swift */ = {isa = PBXFileReference; lastKnownFileType = sourcecode.swift; path = OpenSavePanel.swift; sourceTree = "<group>"; };
		C9E9C09125CFD94E00CD767D /* ConfigModel.swift */ = {isa = PBXFileReference; lastKnownFileType = sourcecode.swift; path = ConfigModel.swift; sourceTree = "<group>"; };
		C9ED9CC223D7F9B3004567A1 /* SwiftJSONModeler For Xcode.app */ = {isa = PBXFileReference; explicitFileType = wrapper.application; includeInIndex = 0; path = "SwiftJSONModeler For Xcode.app"; sourceTree = BUILT_PRODUCTS_DIR; };
		C9ED9CC523D7F9B3004567A1 /* AppDelegate.swift */ = {isa = PBXFileReference; lastKnownFileType = sourcecode.swift; path = AppDelegate.swift; sourceTree = "<group>"; };
		C9ED9CC923D7F9B3004567A1 /* Document.swift */ = {isa = PBXFileReference; lastKnownFileType = sourcecode.swift; path = Document.swift; sourceTree = "<group>"; };
		C9ED9CCB23D7F9B4004567A1 /* Assets.xcassets */ = {isa = PBXFileReference; lastKnownFileType = folder.assetcatalog; path = Assets.xcassets; sourceTree = "<group>"; };
		C9ED9CCE23D7F9B4004567A1 /* Base */ = {isa = PBXFileReference; lastKnownFileType = file.storyboard; name = Base; path = Base.lproj/Main.storyboard; sourceTree = "<group>"; };
		C9ED9CD023D7F9B4004567A1 /* Info.plist */ = {isa = PBXFileReference; lastKnownFileType = text.plist.xml; path = Info.plist; sourceTree = "<group>"; };
		C9ED9CD123D7F9B4004567A1 /* SwiftJSONModeler For Xcode.entitlements */ = {isa = PBXFileReference; lastKnownFileType = text.plist.entitlements; path = "SwiftJSONModeler For Xcode.entitlements"; sourceTree = "<group>"; };
		C9ED9CDB23D7F9D0004567A1 /* SwiftJSONModeler.appex */ = {isa = PBXFileReference; explicitFileType = "wrapper.app-extension"; includeInIndex = 0; path = SwiftJSONModeler.appex; sourceTree = BUILT_PRODUCTS_DIR; };
		C9ED9CDD23D7F9D0004567A1 /* Cocoa.framework */ = {isa = PBXFileReference; lastKnownFileType = wrapper.framework; name = Cocoa.framework; path = System/Library/Frameworks/Cocoa.framework; sourceTree = SDKROOT; };
		C9ED9CE023D7F9D0004567A1 /* SourceEditorExtension.swift */ = {isa = PBXFileReference; lastKnownFileType = sourcecode.swift; path = SourceEditorExtension.swift; sourceTree = "<group>"; };
		C9ED9CE223D7F9D0004567A1 /* SourceEditorCommand.swift */ = {isa = PBXFileReference; lastKnownFileType = sourcecode.swift; path = SourceEditorCommand.swift; sourceTree = "<group>"; };
		C9ED9CE423D7F9D0004567A1 /* Info.plist */ = {isa = PBXFileReference; lastKnownFileType = text.plist.xml; path = Info.plist; sourceTree = "<group>"; };
		C9ED9CE523D7F9D0004567A1 /* SwiftJSONModeler.entitlements */ = {isa = PBXFileReference; lastKnownFileType = text.plist.entitlements; path = SwiftJSONModeler.entitlements; sourceTree = "<group>"; };
/* End PBXFileReference section */

/* Begin PBXFrameworksBuildPhase section */
		C9D04F25242F218200843DC4 /* Frameworks */ = {
			isa = PBXFrameworksBuildPhase;
			buildActionMask = 2147483647;
			files = (
			);
			runOnlyForDeploymentPostprocessing = 0;
		};
		C9ED9CBF23D7F9B3004567A1 /* Frameworks */ = {
			isa = PBXFrameworksBuildPhase;
			buildActionMask = 2147483647;
			files = (
				C9D9906725E7807300258865 /* CleanJSON in Frameworks */,
			);
			runOnlyForDeploymentPostprocessing = 0;
		};
		C9ED9CD823D7F9D0004567A1 /* Frameworks */ = {
			isa = PBXFrameworksBuildPhase;
			buildActionMask = 2147483647;
			files = (
				C9ED9CDE23D7F9D0004567A1 /* Cocoa.framework in Frameworks */,
				C9D9906D25E7815F00258865 /* CleanJSON in Frameworks */,
				C90EFE0C257E172E0008632B /* XcodeKit.framework in Frameworks */,
			);
			runOnlyForDeploymentPostprocessing = 0;
		};
/* End PBXFrameworksBuildPhase section */

/* Begin PBXGroup section */
		C92A971B24E514D700C87CCD /* Constants */ = {
			isa = PBXGroup;
			children = (
				C92A971C24E514FB00C87CCD /* Constants.swift */,
			);
			path = Constants;
			sourceTree = "<group>";
		};
		C94AFC02241F4E6D00389AF3 /* YApi */ = {
			isa = PBXGroup;
			children = (
				C94AFC00241F4AE600389AF3 /* YApiHelper.swift */,
				C94AFC03241F4E8A00389AF3 /* YApiObject.swift */,
				C9CEE26C242B382900A04EA9 /* YApiCreator.swift */,
				C9D04F20242EF99F00843DC4 /* YApiRequest.swift */,
			);
			path = YApi;
			sourceTree = "<group>";
		};
		C9D04F29242F218200843DC4 /* SwiftJSONModeler For XcodeTests */ = {
			isa = PBXGroup;
			children = (
				C9D04F32242F228400843DC4 /* SwiftJSONModelerTest */,
				C9D04F2A242F218200843DC4 /* SwiftJSONModeler_For_XcodeTests.swift */,
				C9D04F2C242F218200843DC4 /* Info.plist */,
			);
			path = "SwiftJSONModeler For XcodeTests";
			sourceTree = "<group>";
		};
		C9D04F32242F228400843DC4 /* SwiftJSONModelerTest */ = {
			isa = PBXGroup;
			children = (
				C92A970524E50D5900C87CCD /* YApiObjectTest.swift */,
				C935B49D24EA56EF00E48231 /* JSONHelperTest.swift */,
			);
			path = SwiftJSONModelerTest;
			sourceTree = "<group>";
		};
		C9D9905625E7765C00258865 /* Config */ = {
			isa = PBXGroup;
			children = (
				C9E9C09025CFD93900CD767D /* Model */,
				C9D9905725E776A900258865 /* ConfigCenter.swift */,
			);
			path = Config;
			sourceTree = "<group>";
		};
		C9E393E224EE245D00D80B28 /* View */ = {
			isa = PBXGroup;
			children = (
				C9E393E324EE248500D80B28 /* TokenView.xib */,
				C9E393E724EE255900D80B28 /* TokenView.swift */,
			);
			path = View;
			sourceTree = "<group>";
		};
		C9E393EB24EF68E900D80B28 /* Controller */ = {
			isa = PBXGroup;
			children = (
				C961C1DD23D82A8D008D0DE6 /* ConfigViewController.swift */,
				C9E393E924EE47D300D80B28 /* TokenViewController.swift */,
			);
			path = Controller;
			sourceTree = "<group>";
		};
		C9E9C08725CF905400CD767D /* Utils */ = {
			isa = PBXGroup;
			children = (
				C9E9C08825CF907A00CD767D /* OpenSavePanel.swift */,
			);
			path = Utils;
			sourceTree = "<group>";
		};
		C9E9C09025CFD93900CD767D /* Model */ = {
			isa = PBXGroup;
			children = (
				C9E9C09125CFD94E00CD767D /* ConfigModel.swift */,
			);
			path = Model;
			sourceTree = "<group>";
		};
		C9ED9CB923D7F9B3004567A1 = {
			isa = PBXGroup;
			children = (
				C9ED9CC423D7F9B3004567A1 /* SwiftJSONModeler For Xcode */,
				C9ED9CDF23D7F9D0004567A1 /* SwiftJSONModeler */,
				C9D04F29242F218200843DC4 /* SwiftJSONModeler For XcodeTests */,
				C9ED9CDC23D7F9D0004567A1 /* Frameworks */,
				C9ED9CC323D7F9B3004567A1 /* Products */,
			);
			sourceTree = "<group>";
		};
		C9ED9CC323D7F9B3004567A1 /* Products */ = {
			isa = PBXGroup;
			children = (
				C9ED9CC223D7F9B3004567A1 /* SwiftJSONModeler For Xcode.app */,
				C9ED9CDB23D7F9D0004567A1 /* SwiftJSONModeler.appex */,
				C9D04F28242F218200843DC4 /* SwiftJSONModeler For XcodeTests.xctest */,
			);
			name = Products;
			sourceTree = "<group>";
		};
		C9ED9CC423D7F9B3004567A1 /* SwiftJSONModeler For Xcode */ = {
			isa = PBXGroup;
			children = (
				C9D9905625E7765C00258865 /* Config */,
				C9E9C08725CF905400CD767D /* Utils */,
				C9E393EB24EF68E900D80B28 /* Controller */,
				C9E393E224EE245D00D80B28 /* View */,
				C92A971B24E514D700C87CCD /* Constants */,
				C94AFC02241F4E6D00389AF3 /* YApi */,
				C9ED9CC523D7F9B3004567A1 /* AppDelegate.swift */,
				C9ED9CC923D7F9B3004567A1 /* Document.swift */,
				C9ED9CCB23D7F9B4004567A1 /* Assets.xcassets */,
				C9ED9CCD23D7F9B4004567A1 /* Main.storyboard */,
				C9ED9CD023D7F9B4004567A1 /* Info.plist */,
				C9ED9CD123D7F9B4004567A1 /* SwiftJSONModeler For Xcode.entitlements */,
				C9DE045E242C8535008A0070 /* Config.swift */,
				C9CB247F241F559C00F4D5CE /* ErrorCenter.swift */,
				C935B49B24EA24BE00E48231 /* JSONHelper.swift */,
			);
			path = "SwiftJSONModeler For Xcode";
			sourceTree = "<group>";
		};
		C9ED9CDC23D7F9D0004567A1 /* Frameworks */ = {
			isa = PBXGroup;
			children = (
				C90EFE0B257E172E0008632B /* XcodeKit.framework */,
				C9ED9CDD23D7F9D0004567A1 /* Cocoa.framework */,
			);
			name = Frameworks;
			sourceTree = "<group>";
		};
		C9ED9CDF23D7F9D0004567A1 /* SwiftJSONModeler */ = {
			isa = PBXGroup;
			children = (
				C9ED9CE023D7F9D0004567A1 /* SourceEditorExtension.swift */,
				C9ED9CE223D7F9D0004567A1 /* SourceEditorCommand.swift */,
				C9ED9CE423D7F9D0004567A1 /* Info.plist */,
				C9ED9CE523D7F9D0004567A1 /* SwiftJSONModeler.entitlements */,
			);
			path = SwiftJSONModeler;
			sourceTree = "<group>";
		};
/* End PBXGroup section */

/* Begin PBXNativeTarget section */
		C9D04F27242F218200843DC4 /* SwiftJSONModeler For XcodeTests */ = {
			isa = PBXNativeTarget;
			buildConfigurationList = C9D04F2F242F218200843DC4 /* Build configuration list for PBXNativeTarget "SwiftJSONModeler For XcodeTests" */;
			buildPhases = (
				C9D04F24242F218200843DC4 /* Sources */,
				C9D04F25242F218200843DC4 /* Frameworks */,
				C9D04F26242F218200843DC4 /* Resources */,
			);
			buildRules = (
			);
			dependencies = (
				C9D04F2E242F218200843DC4 /* PBXTargetDependency */,
			);
			name = "SwiftJSONModeler For XcodeTests";
			productName = "SwiftJSONModeler For XcodeTests";
			productReference = C9D04F28242F218200843DC4 /* SwiftJSONModeler For XcodeTests.xctest */;
			productType = "com.apple.product-type.bundle.unit-test";
		};
		C9ED9CC123D7F9B3004567A1 /* SwiftJSONModeler For Xcode */ = {
			isa = PBXNativeTarget;
			buildConfigurationList = C9ED9CD423D7F9B4004567A1 /* Build configuration list for PBXNativeTarget "SwiftJSONModeler For Xcode" */;
			buildPhases = (
				C9ED9CBE23D7F9B3004567A1 /* Sources */,
				C9ED9CBF23D7F9B3004567A1 /* Frameworks */,
				C9ED9CC023D7F9B3004567A1 /* Resources */,
				C9ED9CEC23D7F9D0004567A1 /* Embed App Extensions */,
			);
			buildRules = (
			);
			dependencies = (
				C9ED9CE723D7F9D0004567A1 /* PBXTargetDependency */,
			);
			name = "SwiftJSONModeler For Xcode";
			packageProductDependencies = (
				C9D9906625E7807300258865 /* CleanJSON */,
			);
			productName = JSONSwiftModelApp;
			productReference = C9ED9CC223D7F9B3004567A1 /* SwiftJSONModeler For Xcode.app */;
			productType = "com.apple.product-type.application";
		};
		C9ED9CDA23D7F9D0004567A1 /* SwiftJSONModeler */ = {
			isa = PBXNativeTarget;
			buildConfigurationList = C9ED9CE923D7F9D0004567A1 /* Build configuration list for PBXNativeTarget "SwiftJSONModeler" */;
			buildPhases = (
				C9ED9CD723D7F9D0004567A1 /* Sources */,
				C9ED9CD823D7F9D0004567A1 /* Frameworks */,
				C9ED9CD923D7F9D0004567A1 /* Resources */,
				C90EFE0E257E172E0008632B /* Embed Frameworks */,
			);
			buildRules = (
			);
			dependencies = (
			);
			name = SwiftJSONModeler;
			packageProductDependencies = (
				C9D9906C25E7815F00258865 /* CleanJSON */,
			);
			productName = JSONSwiftModel;
			productReference = C9ED9CDB23D7F9D0004567A1 /* SwiftJSONModeler.appex */;
			productType = "com.apple.product-type.xcode-extension";
		};
/* End PBXNativeTarget section */

/* Begin PBXProject section */
		C9ED9CBA23D7F9B3004567A1 /* Project object */ = {
			isa = PBXProject;
			attributes = {
				LastSwiftUpdateCheck = 1120;
				LastUpgradeCheck = 1120;
				ORGANIZATIONNAME = Sven;
				TargetAttributes = {
					C9D04F27242F218200843DC4 = {
						CreatedOnToolsVersion = 11.2.1;
						TestTargetID = C9ED9CC123D7F9B3004567A1;
					};
					C9ED9CC123D7F9B3004567A1 = {
						CreatedOnToolsVersion = 11.2.1;
					};
					C9ED9CDA23D7F9D0004567A1 = {
						CreatedOnToolsVersion = 11.2.1;
					};
				};
			};
			buildConfigurationList = C9ED9CBD23D7F9B3004567A1 /* Build configuration list for PBXProject "SwiftJSONModeler For Xcode" */;
			compatibilityVersion = "Xcode 9.3";
			developmentRegion = en;
			hasScannedForEncodings = 0;
			knownRegions = (
				en,
				Base,
			);
			mainGroup = C9ED9CB923D7F9B3004567A1;
			packageReferences = (
				C9D9906525E7807300258865 /* XCRemoteSwiftPackageReference "CleanJSON" */,
			);
			productRefGroup = C9ED9CC323D7F9B3004567A1 /* Products */;
			projectDirPath = "";
			projectRoot = "";
			targets = (
				C9ED9CC123D7F9B3004567A1 /* SwiftJSONModeler For Xcode */,
				C9ED9CDA23D7F9D0004567A1 /* SwiftJSONModeler */,
				C9D04F27242F218200843DC4 /* SwiftJSONModeler For XcodeTests */,
			);
		};
/* End PBXProject section */

/* Begin PBXResourcesBuildPhase section */
		C9D04F26242F218200843DC4 /* Resources */ = {
			isa = PBXResourcesBuildPhase;
			buildActionMask = 2147483647;
			files = (
			);
			runOnlyForDeploymentPostprocessing = 0;
		};
		C9ED9CC023D7F9B3004567A1 /* Resources */ = {
			isa = PBXResourcesBuildPhase;
			buildActionMask = 2147483647;
			files = (
				C9E393E424EE248500D80B28 /* TokenView.xib in Resources */,
				C9ED9CCC23D7F9B4004567A1 /* Assets.xcassets in Resources */,
				C9ED9CCF23D7F9B4004567A1 /* Main.storyboard in Resources */,
			);
			runOnlyForDeploymentPostprocessing = 0;
		};
		C9ED9CD923D7F9D0004567A1 /* Resources */ = {
			isa = PBXResourcesBuildPhase;
			buildActionMask = 2147483647;
			files = (
			);
			runOnlyForDeploymentPostprocessing = 0;
		};
/* End PBXResourcesBuildPhase section */

/* Begin PBXSourcesBuildPhase section */
		C9D04F24242F218200843DC4 /* Sources */ = {
			isa = PBXSourcesBuildPhase;
			buildActionMask = 2147483647;
			files = (
				C935B49E24EA56EF00E48231 /* JSONHelperTest.swift in Sources */,
				C9D04F2B242F218200843DC4 /* SwiftJSONModeler_For_XcodeTests.swift in Sources */,
				C92A970A24E512BD00C87CCD /* YApiObjectTest.swift in Sources */,
			);
			runOnlyForDeploymentPostprocessing = 0;
		};
		C9ED9CBE23D7F9B3004567A1 /* Sources */ = {
			isa = PBXSourcesBuildPhase;
			buildActionMask = 2147483647;
			files = (
				C92A971724E513EA00C87CCD /* YApiRequest.swift in Sources */,
				C92A971824E513F900C87CCD /* ErrorCenter.swift in Sources */,
				C9E9C09225CFD94E00CD767D /* ConfigModel.swift in Sources */,
				C9E393E824EE255900D80B28 /* TokenView.swift in Sources */,
				C9ED9CC623D7F9B3004567A1 /* AppDelegate.swift in Sources */,
				C9E393EA24EE47D300D80B28 /* TokenViewController.swift in Sources */,
				C92A971624E513EA00C87CCD /* YApiCreator.swift in Sources */,
				C9DE045F242C8535008A0070 /* Config.swift in Sources */,
				C92A971D24E514FB00C87CCD /* Constants.swift in Sources */,
				C92A971424E513EA00C87CCD /* YApiHelper.swift in Sources */,
				C9ED9CCA23D7F9B3004567A1 /* Document.swift in Sources */,
				C9E9C08925CF907A00CD767D /* OpenSavePanel.swift in Sources */,
				C935B49C24EA24BE00E48231 /* JSONHelper.swift in Sources */,
				C9D9905825E776A900258865 /* ConfigCenter.swift in Sources */,
				C961C1DE23D82A8D008D0DE6 /* ConfigViewController.swift in Sources */,
				C92A971524E513EA00C87CCD /* YApiObject.swift in Sources */,
			);
			runOnlyForDeploymentPostprocessing = 0;
		};
		C9ED9CD723D7F9D0004567A1 /* Sources */ = {
			isa = PBXSourcesBuildPhase;
			buildActionMask = 2147483647;
			files = (
				C9DD88322431C630004E420F /* YApiRequest.swift in Sources */,
				C9CB2480241F559C00F4D5CE /* ErrorCenter.swift in Sources */,
				C9ED9CE123D7F9D0004567A1 /* SourceEditorExtension.swift in Sources */,
				C94AFC01241F4AE600389AF3 /* YApiHelper.swift in Sources */,
				C94AFC04241F4E8A00389AF3 /* YApiObject.swift in Sources */,
				C9DE0460242C853F008A0070 /* Config.swift in Sources */,
				C9ED9CE323D7F9D0004567A1 /* SourceEditorCommand.swift in Sources */,
				C9D9905C25E776EF00258865 /* ConfigModel.swift in Sources */,
				C9D9906E25E7816600258865 /* ConfigCenter.swift in Sources */,
				C9CEE26D242B382900A04EA9 /* YApiCreator.swift in Sources */,
				C92A971E24E5150600C87CCD /* Constants.swift in Sources */,
				C935B49F24EA664A00E48231 /* JSONHelper.swift in Sources */,
			);
			runOnlyForDeploymentPostprocessing = 0;
		};
/* End PBXSourcesBuildPhase section */

/* Begin PBXTargetDependency section */
		C9D04F2E242F218200843DC4 /* PBXTargetDependency */ = {
			isa = PBXTargetDependency;
			target = C9ED9CC123D7F9B3004567A1 /* SwiftJSONModeler For Xcode */;
			targetProxy = C9D04F2D242F218200843DC4 /* PBXContainerItemProxy */;
		};
		C9ED9CE723D7F9D0004567A1 /* PBXTargetDependency */ = {
			isa = PBXTargetDependency;
			target = C9ED9CDA23D7F9D0004567A1 /* SwiftJSONModeler */;
			targetProxy = C9ED9CE623D7F9D0004567A1 /* PBXContainerItemProxy */;
		};
/* End PBXTargetDependency section */

/* Begin PBXVariantGroup section */
		C9ED9CCD23D7F9B4004567A1 /* Main.storyboard */ = {
			isa = PBXVariantGroup;
			children = (
				C9ED9CCE23D7F9B4004567A1 /* Base */,
			);
			name = Main.storyboard;
			sourceTree = "<group>";
		};
/* End PBXVariantGroup section */

/* Begin XCBuildConfiguration section */
		C9D04F30242F218200843DC4 /* Debug */ = {
			isa = XCBuildConfiguration;
			buildSettings = {
				BUNDLE_LOADER = "$(TEST_HOST)";
				CODE_SIGN_STYLE = Automatic;
				COMBINE_HIDPI_IMAGES = YES;
				DEVELOPMENT_TEAM = K9DS6XKGWL;
				INFOPLIST_FILE = "SwiftJSONModeler For XcodeTests/Info.plist";
				LD_RUNPATH_SEARCH_PATHS = (
					"$(inherited)",
					"@executable_path/../Frameworks",
					"@loader_path/../Frameworks",
				);
				MACOSX_DEPLOYMENT_TARGET = 10.14;
				PRODUCT_BUNDLE_IDENTIFIER = "com.lifu.SwiftJSONModeler-For-XcodeTests";
				PRODUCT_NAME = "$(TARGET_NAME)";
				SWIFT_VERSION = 5.0;
				TEST_HOST = "$(BUILT_PRODUCTS_DIR)/SwiftJSONModeler For Xcode.app/Contents/MacOS/SwiftJSONModeler For Xcode";
			};
			name = Debug;
		};
		C9D04F31242F218200843DC4 /* Release */ = {
			isa = XCBuildConfiguration;
			buildSettings = {
				BUNDLE_LOADER = "$(TEST_HOST)";
				CODE_SIGN_STYLE = Automatic;
				COMBINE_HIDPI_IMAGES = YES;
				DEVELOPMENT_TEAM = K9DS6XKGWL;
				INFOPLIST_FILE = "SwiftJSONModeler For XcodeTests/Info.plist";
				LD_RUNPATH_SEARCH_PATHS = (
					"$(inherited)",
					"@executable_path/../Frameworks",
					"@loader_path/../Frameworks",
				);
				MACOSX_DEPLOYMENT_TARGET = 10.14;
				PRODUCT_BUNDLE_IDENTIFIER = "com.lifu.SwiftJSONModeler-For-XcodeTests";
				PRODUCT_NAME = "$(TARGET_NAME)";
				SWIFT_VERSION = 5.0;
				TEST_HOST = "$(BUILT_PRODUCTS_DIR)/SwiftJSONModeler For Xcode.app/Contents/MacOS/SwiftJSONModeler For Xcode";
			};
			name = Release;
		};
		C9ED9CD223D7F9B4004567A1 /* Debug */ = {
			isa = XCBuildConfiguration;
			buildSettings = {
				ALWAYS_SEARCH_USER_PATHS = NO;
				CLANG_ANALYZER_NONNULL = YES;
				CLANG_ANALYZER_NUMBER_OBJECT_CONVERSION = YES_AGGRESSIVE;
				CLANG_CXX_LANGUAGE_STANDARD = "gnu++14";
				CLANG_CXX_LIBRARY = "libc++";
				CLANG_ENABLE_MODULES = YES;
				CLANG_ENABLE_OBJC_ARC = YES;
				CLANG_ENABLE_OBJC_WEAK = YES;
				CLANG_WARN_BLOCK_CAPTURE_AUTORELEASING = YES;
				CLANG_WARN_BOOL_CONVERSION = YES;
				CLANG_WARN_COMMA = YES;
				CLANG_WARN_CONSTANT_CONVERSION = YES;
				CLANG_WARN_DEPRECATED_OBJC_IMPLEMENTATIONS = YES;
				CLANG_WARN_DIRECT_OBJC_ISA_USAGE = YES_ERROR;
				CLANG_WARN_DOCUMENTATION_COMMENTS = YES;
				CLANG_WARN_EMPTY_BODY = YES;
				CLANG_WARN_ENUM_CONVERSION = YES;
				CLANG_WARN_INFINITE_RECURSION = YES;
				CLANG_WARN_INT_CONVERSION = YES;
				CLANG_WARN_NON_LITERAL_NULL_CONVERSION = YES;
				CLANG_WARN_OBJC_IMPLICIT_RETAIN_SELF = YES;
				CLANG_WARN_OBJC_LITERAL_CONVERSION = YES;
				CLANG_WARN_OBJC_ROOT_CLASS = YES_ERROR;
				CLANG_WARN_RANGE_LOOP_ANALYSIS = YES;
				CLANG_WARN_STRICT_PROTOTYPES = YES;
				CLANG_WARN_SUSPICIOUS_MOVE = YES;
				CLANG_WARN_UNGUARDED_AVAILABILITY = YES_AGGRESSIVE;
				CLANG_WARN_UNREACHABLE_CODE = YES;
				CLANG_WARN__DUPLICATE_METHOD_MATCH = YES;
				COPY_PHASE_STRIP = NO;
				DEBUG_INFORMATION_FORMAT = dwarf;
				ENABLE_STRICT_OBJC_MSGSEND = YES;
				ENABLE_TESTABILITY = YES;
				GCC_C_LANGUAGE_STANDARD = gnu11;
				GCC_DYNAMIC_NO_PIC = NO;
				GCC_NO_COMMON_BLOCKS = YES;
				GCC_OPTIMIZATION_LEVEL = 0;
				GCC_PREPROCESSOR_DEFINITIONS = (
					"DEBUG=1",
					"$(inherited)",
				);
				GCC_WARN_64_TO_32_BIT_CONVERSION = YES;
				GCC_WARN_ABOUT_RETURN_TYPE = YES_ERROR;
				GCC_WARN_UNDECLARED_SELECTOR = YES;
				GCC_WARN_UNINITIALIZED_AUTOS = YES_AGGRESSIVE;
				GCC_WARN_UNUSED_FUNCTION = YES;
				GCC_WARN_UNUSED_VARIABLE = YES;
				MACOSX_DEPLOYMENT_TARGET = 10.11;
				MTL_ENABLE_DEBUG_INFO = INCLUDE_SOURCE;
				MTL_FAST_MATH = YES;
				ONLY_ACTIVE_ARCH = YES;
				SDKROOT = macosx;
				SWIFT_ACTIVE_COMPILATION_CONDITIONS = DEBUG;
				SWIFT_OPTIMIZATION_LEVEL = "-Onone";
			};
			name = Debug;
		};
		C9ED9CD323D7F9B4004567A1 /* Release */ = {
			isa = XCBuildConfiguration;
			buildSettings = {
				ALWAYS_SEARCH_USER_PATHS = NO;
				CLANG_ANALYZER_NONNULL = YES;
				CLANG_ANALYZER_NUMBER_OBJECT_CONVERSION = YES_AGGRESSIVE;
				CLANG_CXX_LANGUAGE_STANDARD = "gnu++14";
				CLANG_CXX_LIBRARY = "libc++";
				CLANG_ENABLE_MODULES = YES;
				CLANG_ENABLE_OBJC_ARC = YES;
				CLANG_ENABLE_OBJC_WEAK = YES;
				CLANG_WARN_BLOCK_CAPTURE_AUTORELEASING = YES;
				CLANG_WARN_BOOL_CONVERSION = YES;
				CLANG_WARN_COMMA = YES;
				CLANG_WARN_CONSTANT_CONVERSION = YES;
				CLANG_WARN_DEPRECATED_OBJC_IMPLEMENTATIONS = YES;
				CLANG_WARN_DIRECT_OBJC_ISA_USAGE = YES_ERROR;
				CLANG_WARN_DOCUMENTATION_COMMENTS = YES;
				CLANG_WARN_EMPTY_BODY = YES;
				CLANG_WARN_ENUM_CONVERSION = YES;
				CLANG_WARN_INFINITE_RECURSION = YES;
				CLANG_WARN_INT_CONVERSION = YES;
				CLANG_WARN_NON_LITERAL_NULL_CONVERSION = YES;
				CLANG_WARN_OBJC_IMPLICIT_RETAIN_SELF = YES;
				CLANG_WARN_OBJC_LITERAL_CONVERSION = YES;
				CLANG_WARN_OBJC_ROOT_CLASS = YES_ERROR;
				CLANG_WARN_RANGE_LOOP_ANALYSIS = YES;
				CLANG_WARN_STRICT_PROTOTYPES = YES;
				CLANG_WARN_SUSPICIOUS_MOVE = YES;
				CLANG_WARN_UNGUARDED_AVAILABILITY = YES_AGGRESSIVE;
				CLANG_WARN_UNREACHABLE_CODE = YES;
				CLANG_WARN__DUPLICATE_METHOD_MATCH = YES;
				COPY_PHASE_STRIP = NO;
				DEBUG_INFORMATION_FORMAT = "dwarf-with-dsym";
				ENABLE_NS_ASSERTIONS = NO;
				ENABLE_STRICT_OBJC_MSGSEND = YES;
				GCC_C_LANGUAGE_STANDARD = gnu11;
				GCC_NO_COMMON_BLOCKS = YES;
				GCC_WARN_64_TO_32_BIT_CONVERSION = YES;
				GCC_WARN_ABOUT_RETURN_TYPE = YES_ERROR;
				GCC_WARN_UNDECLARED_SELECTOR = YES;
				GCC_WARN_UNINITIALIZED_AUTOS = YES_AGGRESSIVE;
				GCC_WARN_UNUSED_FUNCTION = YES;
				GCC_WARN_UNUSED_VARIABLE = YES;
				MACOSX_DEPLOYMENT_TARGET = 10.11;
				MTL_ENABLE_DEBUG_INFO = NO;
				MTL_FAST_MATH = YES;
				SDKROOT = macosx;
				SWIFT_COMPILATION_MODE = wholemodule;
				SWIFT_OPTIMIZATION_LEVEL = "-O";
			};
			name = Release;
		};
		C9ED9CD523D7F9B4004567A1 /* Debug */ = {
			isa = XCBuildConfiguration;
			buildSettings = {
				ALWAYS_EMBED_SWIFT_STANDARD_LIBRARIES = YES;
				ASSETCATALOG_COMPILER_APPICON_NAME = AppIcon;
				CODE_SIGN_ENTITLEMENTS = "SwiftJSONModeler For Xcode/SwiftJSONModeler For Xcode.entitlements";
				CODE_SIGN_STYLE = Automatic;
				COMBINE_HIDPI_IMAGES = YES;
				DEVELOPMENT_TEAM = K9DS6XKGWL;
				ENABLE_HARDENED_RUNTIME = YES;
				INFOPLIST_FILE = "SwiftJSONModeler For Xcode/Info.plist";
				LD_RUNPATH_SEARCH_PATHS = (
					"$(inherited)",
					"@executable_path/../Frameworks",
				);
				MARKETING_VERSION = 2.1.2;
				PRODUCT_BUNDLE_IDENTIFIER = com.lifu.SwiftJSONModeler;
				PRODUCT_NAME = "$(TARGET_NAME)";
				SWIFT_VERSION = 5.0;
			};
			name = Debug;
		};
		C9ED9CD623D7F9B4004567A1 /* Release */ = {
			isa = XCBuildConfiguration;
			buildSettings = {
				ALWAYS_EMBED_SWIFT_STANDARD_LIBRARIES = YES;
				ASSETCATALOG_COMPILER_APPICON_NAME = AppIcon;
				CODE_SIGN_ENTITLEMENTS = "SwiftJSONModeler For Xcode/SwiftJSONModeler For Xcode.entitlements";
				CODE_SIGN_STYLE = Automatic;
				COMBINE_HIDPI_IMAGES = YES;
				DEVELOPMENT_TEAM = K9DS6XKGWL;
				ENABLE_HARDENED_RUNTIME = YES;
				INFOPLIST_FILE = "SwiftJSONModeler For Xcode/Info.plist";
				LD_RUNPATH_SEARCH_PATHS = (
					"$(inherited)",
					"@executable_path/../Frameworks",
				);
				MARKETING_VERSION = 2.1.2;
				PRODUCT_BUNDLE_IDENTIFIER = com.lifu.SwiftJSONModeler;
				PRODUCT_NAME = "$(TARGET_NAME)";
				SWIFT_VERSION = 5.0;
			};
			name = Release;
		};
		C9ED9CEA23D7F9D0004567A1 /* Debug */ = {
			isa = XCBuildConfiguration;
			buildSettings = {
				CODE_SIGN_ENTITLEMENTS = SwiftJSONModeler/SwiftJSONModeler.entitlements;
				CODE_SIGN_IDENTITY = "Apple Development";
				CODE_SIGN_STYLE = Automatic;
				COMBINE_HIDPI_IMAGES = YES;
				DEVELOPMENT_TEAM = K9DS6XKGWL;
				ENABLE_HARDENED_RUNTIME = YES;
				INFOPLIST_FILE = SwiftJSONModeler/Info.plist;
				LD_RUNPATH_SEARCH_PATHS = (
					"$(inherited)",
					"@executable_path/../Frameworks",
					"@executable_path/../../../../Frameworks",
				);
				MARKETING_VERSION = 2.1.2;
				PRODUCT_BUNDLE_IDENTIFIER = com.lifu.SwiftJSONModeler;
				PRODUCT_NAME = "$(TARGET_NAME)";
				SKIP_INSTALL = YES;
				SWIFT_VERSION = 5.0;
			};
			name = Debug;
		};
		C9ED9CEB23D7F9D0004567A1 /* Release */ = {
			isa = XCBuildConfiguration;
			buildSettings = {
				CODE_SIGN_ENTITLEMENTS = SwiftJSONModeler/SwiftJSONModeler.entitlements;
				CODE_SIGN_IDENTITY = "Apple Development";
				CODE_SIGN_STYLE = Automatic;
				COMBINE_HIDPI_IMAGES = YES;
				DEVELOPMENT_TEAM = K9DS6XKGWL;
				ENABLE_HARDENED_RUNTIME = YES;
				INFOPLIST_FILE = SwiftJSONModeler/Info.plist;
				LD_RUNPATH_SEARCH_PATHS = (
					"$(inherited)",
					"@executable_path/../Frameworks",
					"@executable_path/../../../../Frameworks",
				);
				MARKETING_VERSION = 2.1.2;
				PRODUCT_BUNDLE_IDENTIFIER = com.lifu.SwiftJSONModeler;
				PRODUCT_NAME = "$(TARGET_NAME)";
				SKIP_INSTALL = YES;
				SWIFT_VERSION = 5.0;
			};
			name = Release;
		};
/* End XCBuildConfiguration section */

/* Begin XCConfigurationList section */
		C9D04F2F242F218200843DC4 /* Build configuration list for PBXNativeTarget "SwiftJSONModeler For XcodeTests" */ = {
			isa = XCConfigurationList;
			buildConfigurations = (
				C9D04F30242F218200843DC4 /* Debug */,
				C9D04F31242F218200843DC4 /* Release */,
			);
			defaultConfigurationIsVisible = 0;
			defaultConfigurationName = Release;
		};
		C9ED9CBD23D7F9B3004567A1 /* Build configuration list for PBXProject "SwiftJSONModeler For Xcode" */ = {
			isa = XCConfigurationList;
			buildConfigurations = (
				C9ED9CD223D7F9B4004567A1 /* Debug */,
				C9ED9CD323D7F9B4004567A1 /* Release */,
			);
			defaultConfigurationIsVisible = 0;
			defaultConfigurationName = Release;
		};
		C9ED9CD423D7F9B4004567A1 /* Build configuration list for PBXNativeTarget "SwiftJSONModeler For Xcode" */ = {
			isa = XCConfigurationList;
			buildConfigurations = (
				C9ED9CD523D7F9B4004567A1 /* Debug */,
				C9ED9CD623D7F9B4004567A1 /* Release */,
			);
			defaultConfigurationIsVisible = 0;
			defaultConfigurationName = Release;
		};
		C9ED9CE923D7F9D0004567A1 /* Build configuration list for PBXNativeTarget "SwiftJSONModeler" */ = {
			isa = XCConfigurationList;
			buildConfigurations = (
				C9ED9CEA23D7F9D0004567A1 /* Debug */,
				C9ED9CEB23D7F9D0004567A1 /* Release */,
			);
			defaultConfigurationIsVisible = 0;
			defaultConfigurationName = Release;
		};
/* End XCConfigurationList section */

/* Begin XCRemoteSwiftPackageReference section */
		C9D9906525E7807300258865 /* XCRemoteSwiftPackageReference "CleanJSON" */ = {
			isa = XCRemoteSwiftPackageReference;
			repositoryURL = "https://github.com/Pircate/CleanJSON.git";
			requirement = {
				kind = upToNextMajorVersion;
				minimumVersion = 1.0.8;
			};
		};
/* End XCRemoteSwiftPackageReference section */

/* Begin XCSwiftPackageProductDependency section */
		C9D9906625E7807300258865 /* CleanJSON */ = {
			isa = XCSwiftPackageProductDependency;
			package = C9D9906525E7807300258865 /* XCRemoteSwiftPackageReference "CleanJSON" */;
			productName = CleanJSON;
		};
		C9D9906C25E7815F00258865 /* CleanJSON */ = {
			isa = XCSwiftPackageProductDependency;
			package = C9D9906525E7807300258865 /* XCRemoteSwiftPackageReference "CleanJSON" */;
			productName = CleanJSON;
		};
/* End XCSwiftPackageProductDependency section */
	};
	rootObject = C9ED9CBA23D7F9B3004567A1 /* Project object */;
}
